
Microsoft Visual Studio Solution File, Format Version 12.00
# Visual Studio Version 17
VisualStudioVersion = 17.3.32929.385
MinimumVisualStudioVersion = 10.0.40219.1
Project("{FAE04EC0-301F-11D3-BF4B-00C04F79EFBC}") = "WebAPI_Pratices", "WebAPI_Pratices\WebAPI_Pratices.csproj", "{B4749A7B-8ADE-42F5-AF65-CCFB04E951DC}"
EndProject
Global
	GlobalSection(SolutionConfigurationPlatforms) = preSolution
		Debug|Any CPU = Debug|Any CPU
		Release|Any CPU = Release|Any CPU
	EndGlobalSection
	GlobalSection(ProjectConfigurationPlatforms) = postSolution
		{B4749A7B-8ADE-42F5-AF65-CCFB04E951DC}.Debug|Any CPU.ActiveCfg = Debug|Any CPU
		{B4749A7B-8ADE-42F5-AF65-CCFB04E951DC}.Debug|Any CPU.Build.0 = Debug|Any CPU
		{B4749A7B-8ADE-42F5-AF65-CCFB04E951DC}.Release|Any CPU.ActiveCfg = Release|Any CPU
		{B4749A7B-8ADE-42F5-AF65-CCFB04E951DC}.Release|Any CPU.Build.0 = Release|Any CPU
	EndGlobalSection
	GlobalSection(SolutionProperties) = preSolution
		HideSolutionNode = FALSE
	EndGlobalSection
	GlobalSection(ExtensibilityGlobals) = postSolution
		SolutionGuid = {0726EE9D-5A1B-4552-9916-59EB840E38EA}
	EndGlobalSection
EndGlobal
